
Microsoft Visual Studio Solution File, Format Version 12.00
# Visual Studio Version 16
VisualStudioVersion = 16.0.29709.97
MinimumVisualStudioVersion = 10.0.40219.1
Project("{FAE04EC0-301F-11D3-BF4B-00C04F79EFBC}") = "GenetecChallenge", "GenetecChallenge.csproj", "{AC089D4D-B9DF-4984-BCA3-F1167844590A}"
EndProject
Global
	GlobalSection(SolutionConfigurationPlatforms) = preSolution
		Debug|Any CPU = Debug|Any CPU
		Release|Any CPU = Release|Any CPU
	EndGlobalSection
	GlobalSection(ProjectConfigurationPlatforms) = postSolution
		{AC089D4D-B9DF-4984-BCA3-F1167844590A}.Debug|Any CPU.ActiveCfg = Debug|Any CPU
		{AC089D4D-B9DF-4984-BCA3-F1167844590A}.Debug|Any CPU.Build.0 = Debug|Any CPU
		{AC089D4D-B9DF-4984-BCA3-F1167844590A}.Release|Any CPU.ActiveCfg = Release|Any CPU
		{AC089D4D-B9DF-4984-BCA3-F1167844590A}.Release|Any CPU.Build.0 = Release|Any CPU
	EndGlobalSection
	GlobalSection(SolutionProperties) = preSolution
		HideSolutionNode = FALSE
	EndGlobalSection
	GlobalSection(ExtensibilityGlobals) = postSolution
		SolutionGuid = {014A4FDA-BBDD-4783-B552-CBD5C9D69361}
	EndGlobalSection
EndGlobal
